// !$*UTF8*$!
{
	archiveVersion = 1;
	classes = {
	};
	objectVersion = 52;
	objects = {

/* Begin PBXBuildFile section */
		4C0DA032247DCF44003D6B90 /* AppKitProtocol.h in Sources */ = {isa = PBXBuildFile; fileRef = 4C0DA031247DCF44003D6B90 /* AppKitProtocol.h */; };
		4C0DA033247DCF44003D6B90 /* AppKitProtocol.h in Sources */ = {isa = PBXBuildFile; fileRef = 4C0DA031247DCF44003D6B90 /* AppKitProtocol.h */; };
		4C1715C1247D78FF00ADE2B4 /* AppKitGlue.swift in Sources */ = {isa = PBXBuildFile; fileRef = 4C1715C0247D78FF00ADE2B4 /* AppKitGlue.swift */; };
		4C1715C5247DBD2D00ADE2B4 /* AppKitProtocol.swift in Sources */ = {isa = PBXBuildFile; fileRef = 4C1715C4247DBD2D00ADE2B4 /* AppKitProtocol.swift */; };
		4C1715C6247DBD3100ADE2B4 /* AppKitProtocol.swift in Sources */ = {isa = PBXBuildFile; fileRef = 4C1715C4247DBD2D00ADE2B4 /* AppKitProtocol.swift */; };
		4C1D8900247ED7AE00B625E4 /* README.md in Resources */ = {isa = PBXBuildFile; fileRef = 4C1D88FF247ED7AE00B625E4 /* README.md */; };
		4C2187A0247BDAE300A973F7 /* AppDelegate.swift in Sources */ = {isa = PBXBuildFile; fileRef = 4C21879F247BDAE300A973F7 /* AppDelegate.swift */; };
		4C2187A2247BDAE300A973F7 /* SceneDelegate.swift in Sources */ = {isa = PBXBuildFile; fileRef = 4C2187A1247BDAE300A973F7 /* SceneDelegate.swift */; };
		4C2187A4247BDAE300A973F7 /* ContentView.swift in Sources */ = {isa = PBXBuildFile; fileRef = 4C2187A3247BDAE300A973F7 /* ContentView.swift */; };
		4C2187A6247BDAE500A973F7 /* Assets.xcassets in Resources */ = {isa = PBXBuildFile; fileRef = 4C2187A5247BDAE500A973F7 /* Assets.xcassets */; };
		4C2187A9247BDAE500A973F7 /* Preview Assets.xcassets in Resources */ = {isa = PBXBuildFile; fileRef = 4C2187A8247BDAE500A973F7 /* Preview Assets.xcassets */; };
		4C2187AC247BDAE500A973F7 /* LaunchScreen.storyboard in Resources */ = {isa = PBXBuildFile; fileRef = 4C2187AA247BDAE500A973F7 /* LaunchScreen.storyboard */; };
		4C2187BF247BDB5000A973F7 /* AppKitGlue.bundle in Embed PlugIns */ = {isa = PBXBuildFile; fileRef = 4C2187B8247BDB4600A973F7 /* AppKitGlue.bundle */; platformFilter = maccatalyst; settings = {ATTRIBUTES = (CodeSignOnCopy, RemoveHeadersOnCopy, ); }; };
		4CD9CF54247ED453005BB320 /* GreenMenu.tiff in Resources */ = {isa = PBXBuildFile; fileRef = 4C1715C2247D7FD500ADE2B4 /* GreenMenu.tiff */; };
/* End PBXBuildFile section */

/* Begin PBXContainerItemProxy section */
		4C2187C0247BDB5000A973F7 /* PBXContainerItemProxy */ = {
			isa = PBXContainerItemProxy;
			containerPortal = 4C218794247BDAE300A973F7 /* Project object */;
			proxyType = 1;
			remoteGlobalIDString = 4C2187B7247BDB4600A973F7;
			remoteInfo = AppKitty;
		};
/* End PBXContainerItemProxy section */

/* Begin PBXCopyFilesBuildPhase section */
		4C2187C2247BDB5000A973F7 /* Embed PlugIns */ = {
			isa = PBXCopyFilesBuildPhase;
			buildActionMask = 2147483647;
			dstPath = "";
			dstSubfolderSpec = 13;
			files = (
				4C2187BF247BDB5000A973F7 /* AppKitGlue.bundle in Embed PlugIns */,
			);
			name = "Embed PlugIns";
			runOnlyForDeploymentPostprocessing = 0;
		};
/* End PBXCopyFilesBuildPhase section */

/* Begin PBXFileReference section */
		4C0DA030247DCF44003D6B90 /* Bridging.h */ = {isa = PBXFileReference; lastKnownFileType = sourcecode.c.h; path = Bridging.h; sourceTree = "<group>"; };
		4C0DA031247DCF44003D6B90 /* AppKitProtocol.h */ = {isa = PBXFileReference; lastKnownFileType = sourcecode.c.h; path = AppKitProtocol.h; sourceTree = "<group>"; };
		4C1715C0247D78FF00ADE2B4 /* AppKitGlue.swift */ = {isa = PBXFileReference; lastKnownFileType = sourcecode.swift; path = AppKitGlue.swift; sourceTree = "<group>"; };
		4C1715C2247D7FD500ADE2B4 /* GreenMenu.tiff */ = {isa = PBXFileReference; lastKnownFileType = image.tiff; path = GreenMenu.tiff; sourceTree = "<group>"; };
		4C1715C4247DBD2D00ADE2B4 /* AppKitProtocol.swift */ = {isa = PBXFileReference; lastKnownFileType = sourcecode.swift; path = AppKitProtocol.swift; sourceTree = "<group>"; };
		4C1D88FF247ED7AE00B625E4 /* README.md */ = {isa = PBXFileReference; lastKnownFileType = net.daringfireball.markdown; path = README.md; sourceTree = "<group>"; };
		4C21879C247BDAE300A973F7 /* AppKitified.app */ = {isa = PBXFileReference; explicitFileType = wrapper.application; includeInIndex = 0; path = AppKitified.app; sourceTree = BUILT_PRODUCTS_DIR; };
		4C21879F247BDAE300A973F7 /* AppDelegate.swift */ = {isa = PBXFileReference; lastKnownFileType = sourcecode.swift; path = AppDelegate.swift; sourceTree = "<group>"; };
		4C2187A1247BDAE300A973F7 /* SceneDelegate.swift */ = {isa = PBXFileReference; lastKnownFileType = sourcecode.swift; path = SceneDelegate.swift; sourceTree = "<group>"; };
		4C2187A3247BDAE300A973F7 /* ContentView.swift */ = {isa = PBXFileReference; lastKnownFileType = sourcecode.swift; path = ContentView.swift; sourceTree = "<group>"; };
		4C2187A5247BDAE500A973F7 /* Assets.xcassets */ = {isa = PBXFileReference; lastKnownFileType = folder.assetcatalog; path = Assets.xcassets; sourceTree = "<group>"; };
		4C2187A8247BDAE500A973F7 /* Preview Assets.xcassets */ = {isa = PBXFileReference; lastKnownFileType = folder.assetcatalog; path = "Preview Assets.xcassets"; sourceTree = "<group>"; };
		4C2187AB247BDAE500A973F7 /* Base */ = {isa = PBXFileReference; lastKnownFileType = file.storyboard; name = Base; path = Base.lproj/LaunchScreen.storyboard; sourceTree = "<group>"; };
		4C2187AD247BDAE500A973F7 /* Info.plist */ = {isa = PBXFileReference; lastKnownFileType = text.plist.xml; path = Info.plist; sourceTree = "<group>"; };
		4C2187B3247BDAED00A973F7 /* AppKitified.entitlements */ = {isa = PBXFileReference; lastKnownFileType = text.plist.entitlements; path = AppKitified.entitlements; sourceTree = "<group>"; };
		4C2187B8247BDB4600A973F7 /* AppKitGlue.bundle */ = {isa = PBXFileReference; explicitFileType = wrapper.cfbundle; includeInIndex = 0; path = AppKitGlue.bundle; sourceTree = BUILT_PRODUCTS_DIR; };
		4C2187BA247BDB4600A973F7 /* Info.plist */ = {isa = PBXFileReference; lastKnownFileType = text.plist.xml; path = Info.plist; sourceTree = "<group>"; };
/* End PBXFileReference section */

/* Begin PBXFrameworksBuildPhase section */
		4C218799247BDAE300A973F7 /* Frameworks */ = {
			isa = PBXFrameworksBuildPhase;
			buildActionMask = 2147483647;
			files = (
			);
			runOnlyForDeploymentPostprocessing = 0;
		};
		4C2187B5247BDB4600A973F7 /* Frameworks */ = {
			isa = PBXFrameworksBuildPhase;
			buildActionMask = 2147483647;
			files = (
			);
			runOnlyForDeploymentPostprocessing = 0;
		};
/* End PBXFrameworksBuildPhase section */

/* Begin PBXGroup section */
		4C218793247BDAE300A973F7 = {
			isa = PBXGroup;
			children = (
				4C1D88FF247ED7AE00B625E4 /* README.md */,
				4C21879E247BDAE300A973F7 /* AppKitified */,
				4C2187B9247BDB4600A973F7 /* AppKitGlue */,
				4C21879D247BDAE300A973F7 /* Products */,
				4C2187BE247BDB5000A973F7 /* Frameworks */,
			);
			sourceTree = "<group>";
		};
		4C21879D247BDAE300A973F7 /* Products */ = {
			isa = PBXGroup;
			children = (
				4C21879C247BDAE300A973F7 /* AppKitified.app */,
				4C2187B8247BDB4600A973F7 /* AppKitGlue.bundle */,
			);
			name = Products;
			sourceTree = "<group>";
		};
		4C21879E247BDAE300A973F7 /* AppKitified */ = {
			isa = PBXGroup;
			children = (
				4C2187B3247BDAED00A973F7 /* AppKitified.entitlements */,
				4C21879F247BDAE300A973F7 /* AppDelegate.swift */,
				4C2187A1247BDAE300A973F7 /* SceneDelegate.swift */,
				4C2187A3247BDAE300A973F7 /* ContentView.swift */,
				4C2187A5247BDAE500A973F7 /* Assets.xcassets */,
				4C2187AA247BDAE500A973F7 /* LaunchScreen.storyboard */,
				4C2187AD247BDAE500A973F7 /* Info.plist */,
				4C2187A7247BDAE500A973F7 /* Preview Content */,
			);
			path = AppKitified;
			sourceTree = "<group>";
		};
		4C2187A7247BDAE500A973F7 /* Preview Content */ = {
			isa = PBXGroup;
			children = (
				4C2187A8247BDAE500A973F7 /* Preview Assets.xcassets */,
			);
			path = "Preview Content";
			sourceTree = "<group>";
		};
		4C2187B9247BDB4600A973F7 /* AppKitGlue */ = {
			isa = PBXGroup;
			children = (
				4C1715C2247D7FD500ADE2B4 /* GreenMenu.tiff */,
				4C1715C0247D78FF00ADE2B4 /* AppKitGlue.swift */,
				4C2187BA247BDB4600A973F7 /* Info.plist */,
				4C1715C4247DBD2D00ADE2B4 /* AppKitProtocol.swift */,
				4C0DA031247DCF44003D6B90 /* AppKitProtocol.h */,
				4C0DA030247DCF44003D6B90 /* Bridging.h */,
			);
			path = AppKitGlue;
			sourceTree = "<group>";
		};
		4C2187BE247BDB5000A973F7 /* Frameworks */ = {
			isa = PBXGroup;
			children = (
			);
			name = Frameworks;
			sourceTree = "<group>";
		};
/* End PBXGroup section */

/* Begin PBXNativeTarget section */
		4C21879B247BDAE300A973F7 /* AppKitified */ = {
			isa = PBXNativeTarget;
			buildConfigurationList = 4C2187B0247BDAE500A973F7 /* Build configuration list for PBXNativeTarget "AppKitified" */;
			buildPhases = (
				4C218798247BDAE300A973F7 /* Sources */,
				4C218799247BDAE300A973F7 /* Frameworks */,
				4C21879A247BDAE300A973F7 /* Resources */,
				4C2187C2247BDB5000A973F7 /* Embed PlugIns */,
			);
			buildRules = (
			);
			dependencies = (
				4C2187C1247BDB5000A973F7 /* PBXTargetDependency */,
			);
			name = AppKitified;
			productName = AppKitified;
			productReference = 4C21879C247BDAE300A973F7 /* AppKitified.app */;
			productType = "com.apple.product-type.application";
		};
		4C2187B7247BDB4600A973F7 /* AppKitGlue */ = {
			isa = PBXNativeTarget;
			buildConfigurationList = 4C2187BB247BDB4600A973F7 /* Build configuration list for PBXNativeTarget "AppKitGlue" */;
			buildPhases = (
				4C2187B4247BDB4600A973F7 /* Sources */,
				4C2187B5247BDB4600A973F7 /* Frameworks */,
				4C2187B6247BDB4600A973F7 /* Resources */,
			);
			buildRules = (
			);
			dependencies = (
			);
			name = AppKitGlue;
			productName = AppKitty;
			productReference = 4C2187B8247BDB4600A973F7 /* AppKitGlue.bundle */;
			productType = "com.apple.product-type.bundle";
		};
/* End PBXNativeTarget section */

/* Begin PBXProject section */
		4C218794247BDAE300A973F7 /* Project object */ = {
			isa = PBXProject;
			attributes = {
				LastSwiftUpdateCheck = 1150;
				LastUpgradeCheck = 1150;
				ORGANIZATIONNAME = "Manuel @StuFFmc Carrasco Molina";
				TargetAttributes = {
					4C21879B247BDAE300A973F7 = {
						CreatedOnToolsVersion = 11.5;
						LastSwiftMigration = 1150;
					};
					4C2187B7247BDB4600A973F7 = {
						CreatedOnToolsVersion = 11.5;
						LastSwiftMigration = 1150;
					};
				};
			};
			buildConfigurationList = 4C218797247BDAE300A973F7 /* Build configuration list for PBXProject "AppKitified" */;
			compatibilityVersion = "Xcode 9.3";
			developmentRegion = en;
			hasScannedForEncodings = 0;
			knownRegions = (
				en,
				Base,
			);
			mainGroup = 4C218793247BDAE300A973F7;
			productRefGroup = 4C21879D247BDAE300A973F7 /* Products */;
			projectDirPath = "";
			projectRoot = "";
			targets = (
				4C21879B247BDAE300A973F7 /* AppKitified */,
				4C2187B7247BDB4600A973F7 /* AppKitGlue */,
			);
		};
/* End PBXProject section */

/* Begin PBXResourcesBuildPhase section */
		4C21879A247BDAE300A973F7 /* Resources */ = {
			isa = PBXResourcesBuildPhase;
			buildActionMask = 2147483647;
			files = (
				4C2187AC247BDAE500A973F7 /* LaunchScreen.storyboard in Resources */,
				4C2187A9247BDAE500A973F7 /* Preview Assets.xcassets in Resources */,
				4C1D8900247ED7AE00B625E4 /* README.md in Resources */,
				4C2187A6247BDAE500A973F7 /* Assets.xcassets in Resources */,
				4CD9CF54247ED453005BB320 /* GreenMenu.tiff in Resources */,
			);
			runOnlyForDeploymentPostprocessing = 0;
		};
		4C2187B6247BDB4600A973F7 /* Resources */ = {
			isa = PBXResourcesBuildPhase;
			buildActionMask = 2147483647;
			files = (
			);
			runOnlyForDeploymentPostprocessing = 0;
		};
/* End PBXResourcesBuildPhase section */

/* Begin PBXSourcesBuildPhase section */
		4C218798247BDAE300A973F7 /* Sources */ = {
			isa = PBXSourcesBuildPhase;
			buildActionMask = 2147483647;
			files = (
				4C2187A0247BDAE300A973F7 /* AppDelegate.swift in Sources */,
				4C2187A2247BDAE300A973F7 /* SceneDelegate.swift in Sources */,
				4C0DA032247DCF44003D6B90 /* AppKitProtocol.h in Sources */,
				4C1715C6247DBD3100ADE2B4 /* AppKitProtocol.swift in Sources */,
				4C2187A4247BDAE300A973F7 /* ContentView.swift in Sources */,
			);
			runOnlyForDeploymentPostprocessing = 0;
		};
		4C2187B4247BDB4600A973F7 /* Sources */ = {
			isa = PBXSourcesBuildPhase;
			buildActionMask = 2147483647;
			files = (
				4C1715C5247DBD2D00ADE2B4 /* AppKitProtocol.swift in Sources */,
				4C1715C1247D78FF00ADE2B4 /* AppKitGlue.swift in Sources */,
				4C0DA033247DCF44003D6B90 /* AppKitProtocol.h in Sources */,
			);
			runOnlyForDeploymentPostprocessing = 0;
		};
/* End PBXSourcesBuildPhase section */

/* Begin PBXTargetDependency section */
		4C2187C1247BDB5000A973F7 /* PBXTargetDependency */ = {
			isa = PBXTargetDependency;
			platformFilter = maccatalyst;
			target = 4C2187B7247BDB4600A973F7 /* AppKitGlue */;
			targetProxy = 4C2187C0247BDB5000A973F7 /* PBXContainerItemProxy */;
		};
/* End PBXTargetDependency section */

/* Begin PBXVariantGroup section */
		4C2187AA247BDAE500A973F7 /* LaunchScreen.storyboard */ = {
			isa = PBXVariantGroup;
			children = (
				4C2187AB247BDAE500A973F7 /* Base */,
			);
			name = LaunchScreen.storyboard;
			sourceTree = "<group>";
		};
/* End PBXVariantGroup section */

/* Begin XCBuildConfiguration section */
		4C2187AE247BDAE500A973F7 /* Debug */ = {
			isa = XCBuildConfiguration;
			buildSettings = {
				ALWAYS_SEARCH_USER_PATHS = NO;
				CLANG_ANALYZER_NONNULL = YES;
				CLANG_ANALYZER_NUMBER_OBJECT_CONVERSION = YES_AGGRESSIVE;
				CLANG_CXX_LANGUAGE_STANDARD = "gnu++14";
				CLANG_CXX_LIBRARY = "libc++";
				CLANG_ENABLE_MODULES = YES;
				CLANG_ENABLE_OBJC_ARC = YES;
				CLANG_ENABLE_OBJC_WEAK = YES;
				CLANG_WARN_BLOCK_CAPTURE_AUTORELEASING = YES;
				CLANG_WARN_BOOL_CONVERSION = YES;
				CLANG_WARN_COMMA = YES;
				CLANG_WARN_CONSTANT_CONVERSION = YES;
				CLANG_WARN_DEPRECATED_OBJC_IMPLEMENTATIONS = YES;
				CLANG_WARN_DIRECT_OBJC_ISA_USAGE = YES_ERROR;
				CLANG_WARN_DOCUMENTATION_COMMENTS = YES;
				CLANG_WARN_EMPTY_BODY = YES;
				CLANG_WARN_ENUM_CONVERSION = YES;
				CLANG_WARN_INFINITE_RECURSION = YES;
				CLANG_WARN_INT_CONVERSION = YES;
				CLANG_WARN_NON_LITERAL_NULL_CONVERSION = YES;
				CLANG_WARN_OBJC_IMPLICIT_RETAIN_SELF = YES;
				CLANG_WARN_OBJC_LITERAL_CONVERSION = YES;
				CLANG_WARN_OBJC_ROOT_CLASS = YES_ERROR;
				CLANG_WARN_RANGE_LOOP_ANALYSIS = YES;
				CLANG_WARN_STRICT_PROTOTYPES = YES;
				CLANG_WARN_SUSPICIOUS_MOVE = YES;
				CLANG_WARN_UNGUARDED_AVAILABILITY = YES_AGGRESSIVE;
				CLANG_WARN_UNREACHABLE_CODE = YES;
				CLANG_WARN__DUPLICATE_METHOD_MATCH = YES;
				COPY_PHASE_STRIP = NO;
				DEBUG_INFORMATION_FORMAT = dwarf;
				ENABLE_STRICT_OBJC_MSGSEND = YES;
				ENABLE_TESTABILITY = YES;
				GCC_C_LANGUAGE_STANDARD = gnu11;
				GCC_DYNAMIC_NO_PIC = NO;
				GCC_NO_COMMON_BLOCKS = YES;
				GCC_OPTIMIZATION_LEVEL = 0;
				GCC_PREPROCESSOR_DEFINITIONS = (
					"DEBUG=1",
					"$(inherited)",
				);
				GCC_WARN_64_TO_32_BIT_CONVERSION = YES;
				GCC_WARN_ABOUT_RETURN_TYPE = YES_ERROR;
				GCC_WARN_UNDECLARED_SELECTOR = YES;
				GCC_WARN_UNINITIALIZED_AUTOS = YES_AGGRESSIVE;
				GCC_WARN_UNUSED_FUNCTION = YES;
				GCC_WARN_UNUSED_VARIABLE = YES;
				IPHONEOS_DEPLOYMENT_TARGET = 13.5;
				MTL_ENABLE_DEBUG_INFO = INCLUDE_SOURCE;
				MTL_FAST_MATH = YES;
				ONLY_ACTIVE_ARCH = YES;
				SDKROOT = iphoneos;
				SWIFT_ACTIVE_COMPILATION_CONDITIONS = DEBUG;
				SWIFT_OPTIMIZATION_LEVEL = "-Onone";
			};
			name = Debug;
		};
		4C2187AF247BDAE500A973F7 /* Release */ = {
			isa = XCBuildConfiguration;
			buildSettings = {
				ALWAYS_SEARCH_USER_PATHS = NO;
				CLANG_ANALYZER_NONNULL = YES;
				CLANG_ANALYZER_NUMBER_OBJECT_CONVERSION = YES_AGGRESSIVE;
				CLANG_CXX_LANGUAGE_STANDARD = "gnu++14";
				CLANG_CXX_LIBRARY = "libc++";
				CLANG_ENABLE_MODULES = YES;
				CLANG_ENABLE_OBJC_ARC = YES;
				CLANG_ENABLE_OBJC_WEAK = YES;
				CLANG_WARN_BLOCK_CAPTURE_AUTORELEASING = YES;
				CLANG_WARN_BOOL_CONVERSION = YES;
				CLANG_WARN_COMMA = YES;
				CLANG_WARN_CONSTANT_CONVERSION = YES;
				CLANG_WARN_DEPRECATED_OBJC_IMPLEMENTATIONS = YES;
				CLANG_WARN_DIRECT_OBJC_ISA_USAGE = YES_ERROR;
				CLANG_WARN_DOCUMENTATION_COMMENTS = YES;
				CLANG_WARN_EMPTY_BODY = YES;
				CLANG_WARN_ENUM_CONVERSION = YES;
				CLANG_WARN_INFINITE_RECURSION = YES;
				CLANG_WARN_INT_CONVERSION = YES;
				CLANG_WARN_NON_LITERAL_NULL_CONVERSION = YES;
				CLANG_WARN_OBJC_IMPLICIT_RETAIN_SELF = YES;
				CLANG_WARN_OBJC_LITERAL_CONVERSION = YES;
				CLANG_WARN_OBJC_ROOT_CLASS = YES_ERROR;
				CLANG_WARN_RANGE_LOOP_ANALYSIS = YES;
				CLANG_WARN_STRICT_PROTOTYPES = YES;
				CLANG_WARN_SUSPICIOUS_MOVE = YES;
				CLANG_WARN_UNGUARDED_AVAILABILITY = YES_AGGRESSIVE;
				CLANG_WARN_UNREACHABLE_CODE = YES;
				CLANG_WARN__DUPLICATE_METHOD_MATCH = YES;
				COPY_PHASE_STRIP = NO;
				DEBUG_INFORMATION_FORMAT = "dwarf-with-dsym";
				ENABLE_NS_ASSERTIONS = NO;
				ENABLE_STRICT_OBJC_MSGSEND = YES;
				GCC_C_LANGUAGE_STANDARD = gnu11;
				GCC_NO_COMMON_BLOCKS = YES;
				GCC_WARN_64_TO_32_BIT_CONVERSION = YES;
				GCC_WARN_ABOUT_RETURN_TYPE = YES_ERROR;
				GCC_WARN_UNDECLARED_SELECTOR = YES;
				GCC_WARN_UNINITIALIZED_AUTOS = YES_AGGRESSIVE;
				GCC_WARN_UNUSED_FUNCTION = YES;
				GCC_WARN_UNUSED_VARIABLE = YES;
				IPHONEOS_DEPLOYMENT_TARGET = 13.5;
				MTL_ENABLE_DEBUG_INFO = NO;
				MTL_FAST_MATH = YES;
				SDKROOT = iphoneos;
				SWIFT_COMPILATION_MODE = wholemodule;
				SWIFT_OPTIMIZATION_LEVEL = "-O";
				VALIDATE_PRODUCT = YES;
			};
			name = Release;
		};
		4C2187B1247BDAE500A973F7 /* Debug */ = {
			isa = XCBuildConfiguration;
			buildSettings = {
				ALWAYS_EMBED_SWIFT_STANDARD_LIBRARIES = YES;
				ASSETCATALOG_COMPILER_APPICON_NAME = AppIcon;
				CLANG_ENABLE_MODULES = YES;
				CODE_SIGN_ENTITLEMENTS = AppKitified/AppKitified.entitlements;
				CODE_SIGN_STYLE = Automatic;
				DEVELOPMENT_ASSET_PATHS = "\"AppKitified/Preview Content\"";
				DEVELOPMENT_TEAM = D5PCJAP39R;
				ENABLE_PREVIEWS = YES;
				INFOPLIST_FILE = AppKitified/Info.plist;
				LD_RUNPATH_SEARCH_PATHS = (
					"$(inherited)",
					"@executable_path/Frameworks",
				);
				PRODUCT_BUNDLE_IDENTIFIER = com.example.AppKitified;
				PRODUCT_NAME = "$(TARGET_NAME)";
				SUPPORTS_MACCATALYST = YES;
				SWIFT_OBJC_BRIDGING_HEADER = AppKitGlue/Bridging.h;
				SWIFT_OPTIMIZATION_LEVEL = "-Onone";
				SWIFT_VERSION = 5.0;
				TARGETED_DEVICE_FAMILY = "1,2";
			};
			name = Debug;
		};
		4C2187B2247BDAE500A973F7 /* Release */ = {
			isa = XCBuildConfiguration;
			buildSettings = {
				ALWAYS_EMBED_SWIFT_STANDARD_LIBRARIES = YES;
				ASSETCATALOG_COMPILER_APPICON_NAME = AppIcon;
				CLANG_ENABLE_MODULES = YES;
				CODE_SIGN_ENTITLEMENTS = AppKitified/AppKitified.entitlements;
				CODE_SIGN_STYLE = Automatic;
				DEVELOPMENT_ASSET_PATHS = "\"AppKitified/Preview Content\"";
				DEVELOPMENT_TEAM = D5PCJAP39R;
				ENABLE_PREVIEWS = YES;
				INFOPLIST_FILE = AppKitified/Info.plist;
				LD_RUNPATH_SEARCH_PATHS = (
					"$(inherited)",
					"@executable_path/Frameworks",
				);
				PRODUCT_BUNDLE_IDENTIFIER = com.example.AppKitified;
				PRODUCT_NAME = "$(TARGET_NAME)";
				SUPPORTS_MACCATALYST = YES;
				SWIFT_OBJC_BRIDGING_HEADER = AppKitGlue/Bridging.h;
				SWIFT_VERSION = 5.0;
				TARGETED_DEVICE_FAMILY = "1,2";
			};
			name = Release;
		};
		4C2187BC247BDB4600A973F7 /* Debug */ = {
			isa = XCBuildConfiguration;
			buildSettings = {
				CLANG_ENABLE_MODULES = YES;
				CODE_SIGN_STYLE = Automatic;
				COMBINE_HIDPI_IMAGES = YES;
				DEVELOPMENT_TEAM = D5PCJAP39R;
				INFOPLIST_FILE = AppKitGlue/Info.plist;
				INSTALL_PATH = "$(LOCAL_LIBRARY_DIR)/Bundles";
				LD_RUNPATH_SEARCH_PATHS = (
					"$(inherited)",
					"@executable_path/../Frameworks",
					"@loader_path/../Frameworks",
				);
				MACOSX_DEPLOYMENT_TARGET = 10.15;
				PRODUCT_BUNDLE_IDENTIFIER = com.example.AppKitGlue;
				PRODUCT_NAME = "$(TARGET_NAME)";
				SDKROOT = macosx;
				SKIP_INSTALL = YES;
				SWIFT_OBJC_BRIDGING_HEADER = AppKitGlue/Bridging.h;
				SWIFT_OPTIMIZATION_LEVEL = "-Onone";
				SWIFT_VERSION = 5.0;
				WRAPPER_EXTENSION = bundle;
			};
			name = Debug;
		};
		4C2187BD247BDB4600A973F7 /* Release */ = {
			isa = XCBuildConfiguration;
			buildSettings = {
				CLANG_ENABLE_MODULES = YES;
				CODE_SIGN_STYLE = Automatic;
				COMBINE_HIDPI_IMAGES = YES;
				DEVELOPMENT_TEAM = D5PCJAP39R;
				INFOPLIST_FILE = AppKitGlue/Info.plist;
				INSTALL_PATH = "$(LOCAL_LIBRARY_DIR)/Bundles";
				LD_RUNPATH_SEARCH_PATHS = (
					"$(inherited)",
					"@executable_path/../Frameworks",
					"@loader_path/../Frameworks",
				);
				MACOSX_DEPLOYMENT_TARGET = 10.15;
				PRODUCT_BUNDLE_IDENTIFIER = com.example.AppKitGlue;
				PRODUCT_NAME = "$(TARGET_NAME)";
				SDKROOT = macosx;
				SKIP_INSTALL = YES;
				SWIFT_OBJC_BRIDGING_HEADER = AppKitGlue/Bridging.h;
				SWIFT_VERSION = 5.0;
				WRAPPER_EXTENSION = bundle;
			};
			name = Release;
		};
/* End XCBuildConfiguration section */

/* Begin XCConfigurationList section */
		4C218797247BDAE300A973F7 /* Build configuration list for PBXProject "AppKitified" */ = {
			isa = XCConfigurationList;
			buildConfigurations = (
				4C2187AE247BDAE500A973F7 /* Debug */,
				4C2187AF247BDAE500A973F7 /* Release */,
			);
			defaultConfigurationIsVisible = 0;
			defaultConfigurationName = Release;
		};
		4C2187B0247BDAE500A973F7 /* Build configuration list for PBXNativeTarget "AppKitified" */ = {
			isa = XCConfigurationList;
			buildConfigurations = (
				4C2187B1247BDAE500A973F7 /* Debug */,
				4C2187B2247BDAE500A973F7 /* Release */,
			);
			defaultConfigurationIsVisible = 0;
			defaultConfigurationName = Release;
		};
		4C2187BB247BDB4600A973F7 /* Build configuration list for PBXNativeTarget "AppKitGlue" */ = {
			isa = XCConfigurationList;
			buildConfigurations = (
				4C2187BC247BDB4600A973F7 /* Debug */,
				4C2187BD247BDB4600A973F7 /* Release */,
			);
			defaultConfigurationIsVisible = 0;
			defaultConfigurationName = Release;
		};
/* End XCConfigurationList section */
	};
	rootObject = 4C218794247BDAE300A973F7 /* Project object */;
}
